
Microsoft Visual Studio Solution File, Format Version 12.00
# Visual Studio Version 17
VisualStudioVersion = 17.4.33110.190
MinimumVisualStudioVersion = 10.0.40219.1
Project("{FAE04EC0-301F-11D3-BF4B-00C04F79EFBC}") = "MyNeighbor", "MyNeighbor\MyNeighbor.csproj", "{B836E215-72E8-4948-8219-4F266AE7065B}"
EndProject
Global
	GlobalSection(SolutionConfigurationPlatforms) = preSolution
		Debug|Any CPU = Debug|Any CPU
		Release|Any CPU = Release|Any CPU
	EndGlobalSection
	GlobalSection(ProjectConfigurationPlatforms) = postSolution
		{B836E215-72E8-4948-8219-4F266AE7065B}.Debug|Any CPU.ActiveCfg = Debug|Any CPU
		{B836E215-72E8-4948-8219-4F266AE7065B}.Debug|Any CPU.Build.0 = Debug|Any CPU
		{B836E215-72E8-4948-8219-4F266AE7065B}.Release|Any CPU.ActiveCfg = Release|Any CPU
		{B836E215-72E8-4948-8219-4F266AE7065B}.Release|Any CPU.Build.0 = Release|Any CPU
	EndGlobalSection
	GlobalSection(SolutionProperties) = preSolution
		HideSolutionNode = FALSE
	EndGlobalSection
	GlobalSection(ExtensibilityGlobals) = postSolution
		SolutionGuid = {F58F0275-359F-4CF5-BE21-2807FC15B8D6}
	EndGlobalSection
EndGlobal
